
Microsoft Visual Studio Solution File, Format Version 12.00
# Visual Studio Version 17
VisualStudioVersion = 17.13.35828.75
MinimumVisualStudioVersion = 10.0.40219.1
Project("{2150E333-8FDC-42A3-9474-1A3956D46DE8}") = "WebAPI", "WebAPI", "{02EA681E-C7D8-13C7-8484-4AC65E1B71E8}"
EndProject
Project("{FAE04EC0-301F-11D3-BF4B-00C04F79EFBC}") = "EodhdStockChartViewer.WebAPI", "EodhdStockChartViewer.WebApi\EodhdStockChartViewer.WebAPI.csproj", "{152C969D-079D-4A49-B8B3-C5BA230AA1C2}"
EndProject
Project("{2150E333-8FDC-42A3-9474-1A3956D46DE8}") = "WebUI", "WebUI", "{C8B08D2E-83BA-4487-A5C7-D5C1A99476F3}"
EndProject
Project("{FAE04EC0-301F-11D3-BF4B-00C04F79EFBC}") = "EodhdStockChartViewer.WebUI", "EodhdStockChartViewer.WebUI\EodhdStockChartViewer.WebUI.csproj", "{168B19EB-7416-40EA-AE93-2F1FD1A52B38}"
EndProject
Global
	GlobalSection(SolutionConfigurationPlatforms) = preSolution
		Debug|Any CPU = Debug|Any CPU
		Release|Any CPU = Release|Any CPU
	EndGlobalSection
	GlobalSection(ProjectConfigurationPlatforms) = postSolution
		{152C969D-079D-4A49-B8B3-C5BA230AA1C2}.Debug|Any CPU.ActiveCfg = Debug|Any CPU
		{152C969D-079D-4A49-B8B3-C5BA230AA1C2}.Debug|Any CPU.Build.0 = Debug|Any CPU
		{152C969D-079D-4A49-B8B3-C5BA230AA1C2}.Release|Any CPU.ActiveCfg = Release|Any CPU
		{152C969D-079D-4A49-B8B3-C5BA230AA1C2}.Release|Any CPU.Build.0 = Release|Any CPU
		{168B19EB-7416-40EA-AE93-2F1FD1A52B38}.Debug|Any CPU.ActiveCfg = Debug|Any CPU
		{168B19EB-7416-40EA-AE93-2F1FD1A52B38}.Debug|Any CPU.Build.0 = Debug|Any CPU
		{168B19EB-7416-40EA-AE93-2F1FD1A52B38}.Release|Any CPU.ActiveCfg = Release|Any CPU
		{168B19EB-7416-40EA-AE93-2F1FD1A52B38}.Release|Any CPU.Build.0 = Release|Any CPU
	EndGlobalSection
	GlobalSection(SolutionProperties) = preSolution
		HideSolutionNode = FALSE
	EndGlobalSection
	GlobalSection(NestedProjects) = preSolution
		{152C969D-079D-4A49-B8B3-C5BA230AA1C2} = {02EA681E-C7D8-13C7-8484-4AC65E1B71E8}
		{168B19EB-7416-40EA-AE93-2F1FD1A52B38} = {C8B08D2E-83BA-4487-A5C7-D5C1A99476F3}
	EndGlobalSection
	GlobalSection(ExtensibilityGlobals) = postSolution
		SolutionGuid = {C7988E41-28EC-4E21-817C-3C1B12C6EDB8}
	EndGlobalSection
EndGlobal
